<?xml version="1.0" encoding="utf-8"?>
<Project ToolsVersion="4.0" xmlns="http://schemas.microsoft.com/developer/msbuild/2003">
  <ItemGroup>
    <Filter Include="Scene">
      <UniqueIdentifier>{0bce547f-191f-4cfb-857b-4b02386dc94f}</UniqueIdentifier>
    </Filter>
    <Filter Include="Utility">
      <UniqueIdentifier>{42342109-a29e-4092-8944-851ee0b0c0b4}</UniqueIdentifier>
    </Filter>
    <Filter Include="Timer">
      <UniqueIdentifier>{276664cd-042f-497a-9fd3-6501fe574db4}</UniqueIdentifier>
    </Filter>
    <Filter Include="Shader">
      <UniqueIdentifier>{5080f256-6aac-4f50-b7dd-aa2b5c2c1f91}</UniqueIdentifier>
    </Filter>
    <Filter Include="Model">
      <UniqueIdentifier>{533538ed-7407-41ad-ab85-8ac946db7f2d}</UniqueIdentifier>
    </Filter>
    <Filter Include="Math">
      <UniqueIdentifier>{6bee947e-9967-4452-b3c9-8f65d8ef2708}</UniqueIdentifier>
    </Filter>
    <Filter Include="GameObject">
      <UniqueIdentifier>{4f6854ce-244f-4267-a63f-3632fe60e02e}</UniqueIdentifier>
    </Filter>
    <Filter Include="Camera">
      <UniqueIdentifier>{3347f1a9-9cdf-4cc5-9d88-0d0801a72ec2}</UniqueIdentifier>
    </Filter>
    <Filter Include="Concurrency">
      <UniqueIdentifier>{cd5ebee5-860f-4e32-9909-972a9c635e51}</UniqueIdentifier>
    </Filter>
    <Filter Include="Application">
      <UniqueIdentifier>{4bccaec2-16f0-48d4-bb75-29347229de7d}</UniqueIdentifier>
    </Filter>
    <Filter Include="Geometry">
      <UniqueIdentifier>{362d113f-db68-4a8f-8446-1346b57cee94}</UniqueIdentifier>
    </Filter>
    <Filter Include="Physics">
      <UniqueIdentifier>{dc03e3cc-c81b-4a10-8080-74467b31fabb}</UniqueIdentifier>
    </Filter>
  </ItemGroup>
  <ItemGroup>
    <ClCompile Include="Scene\SceneManager.cpp">
      <Filter>Scene</Filter>
    </ClCompile>
    <ClCompile Include="..\..\External\glad\src\glad.c" />
    <ClCompile Include="Timer\Timer.cpp">
      <Filter>Timer</Filter>
    </ClCompile>
    <ClCompile Include="Utility\FileReader.cpp">
      <Filter>Utility</Filter>
    </ClCompile>
    <ClCompile Include="Shader\IShader.cpp">
      <Filter>Shader</Filter>
    </ClCompile>
    <ClCompile Include="Model\Model.cpp">
      <Filter>Model</Filter>
    </ClCompile>
    <ClCompile Include="Math\Matrix.cpp">
      <Filter>Math</Filter>
    </ClCompile>
    <ClCompile Include="Camera\ICamera.cpp">
      <Filter>Camera</Filter>
    </ClCompile>
    <ClCompile Include="Camera\FirstPersonCamera.cpp">
      <Filter>Camera</Filter>
    </ClCompile>
    <ClCompile Include="Application\Application.cpp">
      <Filter>Application</Filter>
    </ClCompile>
    <ClCompile Include="Math\Math.cpp">
      <Filter>Math</Filter>
    </ClCompile>
    <ClCompile Include="Model\Mesh.cpp">
      <Filter>Model</Filter>
    </ClCompile>
    <ClCompile Include="Geometry\ISurface.cpp">
      <Filter>Geometry</Filter>
    </ClCompile>
    <ClCompile Include="Geometry\Plane.cpp">
      <Filter>Geometry</Filter>
    </ClCompile>
    <ClCompile Include="Physics\ICollider.cpp">
      <Filter>Physics</Filter>
    </ClCompile>
    <ClCompile Include="Physics\RigidBodyCollider.cpp">
      <Filter>Physics</Filter>
    </ClCompile>
  </ItemGroup>
  <ItemGroup>
    <ClInclude Include="Scene\IGameScene.h">
      <Filter>Scene</Filter>
    </ClInclude>
    <ClInclude Include="Scene\IGameScene_inline.h">
      <Filter>Scene</Filter>
    </ClInclude>
    <ClInclude Include="Scene\SceneManager.h">
      <Filter>Scene</Filter>
    </ClInclude>
    <ClInclude Include="Engine.h" />
    <ClInclude Include="Utility\NonCopyable.h">
      <Filter>Utility</Filter>
    </ClInclude>
    <ClInclude Include="Utility\NonMovable.h">
      <Filter>Utility</Filter>
    </ClInclude>
    <ClInclude Include="Timer\Timer.h">
      <Filter>Timer</Filter>
    </ClInclude>
    <ClInclude Include="Utility\FileReader.h">
      <Filter>Utility</Filter>
    </ClInclude>
    <ClInclude Include="Shader\IShader.h">
      <Filter>Shader</Filter>
    </ClInclude>
    <ClInclude Include="Model\Mesh.h">
      <Filter>Model</Filter>
    </ClInclude>
    <ClInclude Include="Model\Model.h">
      <Filter>Model</Filter>
    </ClInclude>
    <ClInclude Include="Math\Matrix.h">
      <Filter>Math</Filter>
    </ClInclude>
    <ClInclude Include="Camera\ICamera.h">
      <Filter>Camera</Filter>
    </ClInclude>
    <ClInclude Include="Camera\FirstPersonCamera.h">
      <Filter>Camera</Filter>
    </ClInclude>
    <ClInclude Include="Concurrency\Parallel_inline.h">
      <Filter>Concurrency</Filter>
    </ClInclude>
    <ClInclude Include="Application\Application.h">
      <Filter>Application</Filter>
    </ClInclude>
    <ClInclude Include="Utility\Constants.h">
      <Filter>Utility</Filter>
    </ClInclude>
    <ClInclude Include="Math\Math.h">
      <Filter>Math</Filter>
    </ClInclude>
    <ClInclude Include="Geometry\ISurface.h">
      <Filter>Geometry</Filter>
    </ClInclude>
    <ClInclude Include="GameObject\Transform.h">
      <Filter>GameObject</Filter>
    </ClInclude>
    <ClInclude Include="Geometry\Plane.h">
      <Filter>Geometry</Filter>
    </ClInclude>
    <ClInclude Include="GameObject\Transform_inline.h">
      <Filter>GameObject</Filter>
    </ClInclude>
    <ClInclude Include="Physics\ICollider.h">
      <Filter>Physics</Filter>
    </ClInclude>
    <ClInclude Include="Physics\Ray.h">
      <Filter>Physics</Filter>
    </ClInclude>
    <ClInclude Include="Physics\Ray_inline.h">
      <Filter>Physics</Filter>
    </ClInclude>
    <ClInclude Include="Physics\RigidBodyCollider.h">
      <Filter>Physics</Filter>
    </ClInclude>
  </ItemGroup>
</Project>